
Microsoft Visual Studio Solution File, Format Version 12.00
# Visual Studio Version 17
VisualStudioVersion = 17.8.34525.116
MinimumVisualStudioVersion = 10.0.40219.1
Project("{FAE04EC0-301F-11D3-BF4B-00C04F79EFBC}") = "PersonalAppRef", "PersonalAppRef\PersonalAppRef.csproj", "{1D6ECA0C-83AC-48DF-9023-83F7282CA970}"
EndProject
Global
	GlobalSection(SolutionConfigurationPlatforms) = preSolution
		Debug|Any CPU = Debug|Any CPU
		Release|Any CPU = Release|Any CPU
	EndGlobalSection
	GlobalSection(ProjectConfigurationPlatforms) = postSolution
		{1D6ECA0C-83AC-48DF-9023-83F7282CA970}.Debug|Any CPU.ActiveCfg = Debug|Any CPU
		{1D6ECA0C-83AC-48DF-9023-83F7282CA970}.Debug|Any CPU.Build.0 = Debug|Any CPU
		{1D6ECA0C-83AC-48DF-9023-83F7282CA970}.Release|Any CPU.ActiveCfg = Release|Any CPU
		{1D6ECA0C-83AC-48DF-9023-83F7282CA970}.Release|Any CPU.Build.0 = Release|Any CPU
	EndGlobalSection
	GlobalSection(SolutionProperties) = preSolution
		HideSolutionNode = FALSE
	EndGlobalSection
	GlobalSection(ExtensibilityGlobals) = postSolution
		SolutionGuid = {E732669C-C00B-48FB-9C48-04079BB4B0F2}
	EndGlobalSection
EndGlobal
