
Microsoft Visual Studio Solution File, Format Version 12.00
# Visual Studio Version 17
VisualStudioVersion = 17.8.34525.116
MinimumVisualStudioVersion = 10.0.40219.1
Project("{FAE04EC0-301F-11D3-BF4B-00C04F79EFBC}") = "FiguraGeometricaCApp", "FiguraGeometricaCApp\FiguraGeometricaCApp.csproj", "{A9463666-ECD5-48A9-BBD5-7D797837894B}"
EndProject
Global
	GlobalSection(SolutionConfigurationPlatforms) = preSolution
		Debug|Any CPU = Debug|Any CPU
		Release|Any CPU = Release|Any CPU
	EndGlobalSection
	GlobalSection(ProjectConfigurationPlatforms) = postSolution
		{A9463666-ECD5-48A9-BBD5-7D797837894B}.Debug|Any CPU.ActiveCfg = Debug|Any CPU
		{A9463666-ECD5-48A9-BBD5-7D797837894B}.Debug|Any CPU.Build.0 = Debug|Any CPU
		{A9463666-ECD5-48A9-BBD5-7D797837894B}.Release|Any CPU.ActiveCfg = Release|Any CPU
		{A9463666-ECD5-48A9-BBD5-7D797837894B}.Release|Any CPU.Build.0 = Release|Any CPU
	EndGlobalSection
	GlobalSection(SolutionProperties) = preSolution
		HideSolutionNode = FALSE
	EndGlobalSection
	GlobalSection(ExtensibilityGlobals) = postSolution
		SolutionGuid = {A25C7DF0-B8F0-4338-9DEA-19D21FF2B35B}
	EndGlobalSection
EndGlobal
