
Microsoft Visual Studio Solution File, Format Version 12.00
# Visual Studio Version 17
VisualStudioVersion = 17.8.34525.116
MinimumVisualStudioVersion = 10.0.40219.1
Project("{FAE04EC0-301F-11D3-BF4B-00C04F79EFBC}") = "EstudianteAPP", "EstudianteAPP\EstudianteAPP.csproj", "{C90F5F75-4B40-494D-9077-8DF933CE2BBE}"
EndProject
Global
	GlobalSection(SolutionConfigurationPlatforms) = preSolution
		Debug|Any CPU = Debug|Any CPU
		Release|Any CPU = Release|Any CPU
	EndGlobalSection
	GlobalSection(ProjectConfigurationPlatforms) = postSolution
		{C90F5F75-4B40-494D-9077-8DF933CE2BBE}.Debug|Any CPU.ActiveCfg = Debug|Any CPU
		{C90F5F75-4B40-494D-9077-8DF933CE2BBE}.Debug|Any CPU.Build.0 = Debug|Any CPU
		{C90F5F75-4B40-494D-9077-8DF933CE2BBE}.Release|Any CPU.ActiveCfg = Release|Any CPU
		{C90F5F75-4B40-494D-9077-8DF933CE2BBE}.Release|Any CPU.Build.0 = Release|Any CPU
	EndGlobalSection
	GlobalSection(SolutionProperties) = preSolution
		HideSolutionNode = FALSE
	EndGlobalSection
	GlobalSection(ExtensibilityGlobals) = postSolution
		SolutionGuid = {AC54546C-52CD-4378-BADD-2ABB944D61BC}
	EndGlobalSection
EndGlobal
